
Microsoft Visual Studio Solution File, Format Version 12.00
# Visual Studio Version 17
VisualStudioVersion = 17.6.33829.357
MinimumVisualStudioVersion = 10.0.40219.1
Project("{FAE04EC0-301F-11D3-BF4B-00C04F79EFBC}") = "ConsoleApp2", "ConsoleApp2\ConsoleApp2.csproj", "{A46E4DA2-553E-4AB6-876A-91FC745CFC7B}"
EndProject
Global
	GlobalSection(SolutionConfigurationPlatforms) = preSolution
		Debug|Any CPU = Debug|Any CPU
		Release|Any CPU = Release|Any CPU
	EndGlobalSection
	GlobalSection(ProjectConfigurationPlatforms) = postSolution
		{A46E4DA2-553E-4AB6-876A-91FC745CFC7B}.Debug|Any CPU.ActiveCfg = Debug|Any CPU
		{A46E4DA2-553E-4AB6-876A-91FC745CFC7B}.Debug|Any CPU.Build.0 = Debug|Any CPU
		{A46E4DA2-553E-4AB6-876A-91FC745CFC7B}.Release|Any CPU.ActiveCfg = Release|Any CPU
		{A46E4DA2-553E-4AB6-876A-91FC745CFC7B}.Release|Any CPU.Build.0 = Release|Any CPU
	EndGlobalSection
	GlobalSection(SolutionProperties) = preSolution
		HideSolutionNode = FALSE
	EndGlobalSection
	GlobalSection(ExtensibilityGlobals) = postSolution
		SolutionGuid = {A9D40804-800C-4E21-807B-5983163A2C04}
	EndGlobalSection
EndGlobal
